
Microsoft Visual Studio Solution File, Format Version 12.00
# Visual Studio Version 16
VisualStudioVersion = 16.0.30717.126
MinimumVisualStudioVersion = 10.0.40219.1
Project("{FAE04EC0-301F-11D3-BF4B-00C04F79EFBC}") = "AI", "AI.csproj", "{F00A16C6-15A2-4629-9164-9FFE2866D6C3}"
EndProject
Global
	GlobalSection(SolutionConfigurationPlatforms) = preSolution
		Debug|Any CPU = Debug|Any CPU
		Release|Any CPU = Release|Any CPU
	EndGlobalSection
	GlobalSection(ProjectConfigurationPlatforms) = postSolution
		{F00A16C6-15A2-4629-9164-9FFE2866D6C3}.Debug|Any CPU.ActiveCfg = Debug|Any CPU
		{F00A16C6-15A2-4629-9164-9FFE2866D6C3}.Debug|Any CPU.Build.0 = Debug|Any CPU
		{F00A16C6-15A2-4629-9164-9FFE2866D6C3}.Release|Any CPU.ActiveCfg = Release|Any CPU
		{F00A16C6-15A2-4629-9164-9FFE2866D6C3}.Release|Any CPU.Build.0 = Release|Any CPU
	EndGlobalSection
	GlobalSection(SolutionProperties) = preSolution
		HideSolutionNode = FALSE
	EndGlobalSection
	GlobalSection(ExtensibilityGlobals) = postSolution
		SolutionGuid = {BE20A7DA-275A-48A4-91EC-7F6F66A52820}
	EndGlobalSection
EndGlobal
